
Microsoft Visual Studio Solution File, Format Version 12.00
# Visual Studio Version 17
VisualStudioVersion = 17.3.32922.545
MinimumVisualStudioVersion = 10.0.40219.1
Project("{FAE04EC0-301F-11D3-BF4B-00C04F79EFBC}") = "7.107", "7.107.csproj", "{97E2D62D-7410-4DC5-9B0C-E28E70768072}"
EndProject
Global
	GlobalSection(SolutionConfigurationPlatforms) = preSolution
		Debug|Any CPU = Debug|Any CPU
		Release|Any CPU = Release|Any CPU
	EndGlobalSection
	GlobalSection(ProjectConfigurationPlatforms) = postSolution
		{97E2D62D-7410-4DC5-9B0C-E28E70768072}.Debug|Any CPU.ActiveCfg = Debug|Any CPU
		{97E2D62D-7410-4DC5-9B0C-E28E70768072}.Debug|Any CPU.Build.0 = Debug|Any CPU
		{97E2D62D-7410-4DC5-9B0C-E28E70768072}.Release|Any CPU.ActiveCfg = Release|Any CPU
		{97E2D62D-7410-4DC5-9B0C-E28E70768072}.Release|Any CPU.Build.0 = Release|Any CPU
	EndGlobalSection
	GlobalSection(SolutionProperties) = preSolution
		HideSolutionNode = FALSE
	EndGlobalSection
	GlobalSection(ExtensibilityGlobals) = postSolution
		SolutionGuid = {9D51DB61-14EF-46D7-8D20-7BD1B9848B43}
	EndGlobalSection
EndGlobal
